
Microsoft Visual Studio Solution File, Format Version 12.00
# Visual Studio Version 16
VisualStudioVersion = 16.0.31321.278
MinimumVisualStudioVersion = 10.0.40219.1
Project("{FAE04EC0-301F-11D3-BF4B-00C04F79EFBC}") = "Ex8", "Ex8\Ex8.csproj", "{A2035574-E5D5-4791-B8F6-784C0BEA942E}"
EndProject
Global
	GlobalSection(SolutionConfigurationPlatforms) = preSolution
		Debug|Any CPU = Debug|Any CPU
		Release|Any CPU = Release|Any CPU
	EndGlobalSection
	GlobalSection(ProjectConfigurationPlatforms) = postSolution
		{A2035574-E5D5-4791-B8F6-784C0BEA942E}.Debug|Any CPU.ActiveCfg = Debug|Any CPU
		{A2035574-E5D5-4791-B8F6-784C0BEA942E}.Debug|Any CPU.Build.0 = Debug|Any CPU
		{A2035574-E5D5-4791-B8F6-784C0BEA942E}.Release|Any CPU.ActiveCfg = Release|Any CPU
		{A2035574-E5D5-4791-B8F6-784C0BEA942E}.Release|Any CPU.Build.0 = Release|Any CPU
	EndGlobalSection
	GlobalSection(SolutionProperties) = preSolution
		HideSolutionNode = FALSE
	EndGlobalSection
	GlobalSection(ExtensibilityGlobals) = postSolution
		SolutionGuid = {21BB2F1A-EC60-419F-A8A3-815F266F905F}
	EndGlobalSection
EndGlobal
