
Microsoft Visual Studio Solution File, Format Version 12.00
# Visual Studio Version 16
VisualStudioVersion = 16.0.31321.278
MinimumVisualStudioVersion = 10.0.40219.1
Project("{FAE04EC0-301F-11D3-BF4B-00C04F79EFBC}") = "Ex2", "Ex2\Ex2.csproj", "{0EBB68ED-7134-4DF8-AAF5-3C05F00E3A42}"
EndProject
Global
	GlobalSection(SolutionConfigurationPlatforms) = preSolution
		Debug|Any CPU = Debug|Any CPU
		Release|Any CPU = Release|Any CPU
	EndGlobalSection
	GlobalSection(ProjectConfigurationPlatforms) = postSolution
		{0EBB68ED-7134-4DF8-AAF5-3C05F00E3A42}.Debug|Any CPU.ActiveCfg = Debug|Any CPU
		{0EBB68ED-7134-4DF8-AAF5-3C05F00E3A42}.Debug|Any CPU.Build.0 = Debug|Any CPU
		{0EBB68ED-7134-4DF8-AAF5-3C05F00E3A42}.Release|Any CPU.ActiveCfg = Release|Any CPU
		{0EBB68ED-7134-4DF8-AAF5-3C05F00E3A42}.Release|Any CPU.Build.0 = Release|Any CPU
	EndGlobalSection
	GlobalSection(SolutionProperties) = preSolution
		HideSolutionNode = FALSE
	EndGlobalSection
	GlobalSection(ExtensibilityGlobals) = postSolution
		SolutionGuid = {C4048233-0501-46E7-8320-945B6B3ECD8D}
	EndGlobalSection
EndGlobal
